
Microsoft Visual Studio Solution File, Format Version 12.00
# Visual Studio Version 16
VisualStudioVersion = 16.0.30002.166
MinimumVisualStudioVersion = 10.0.40219.1
Project("{FAE04EC0-301F-11D3-BF4B-00C04F79EFBC}") = "UnrealModuleManager", "UnrealModuleManager\UnrealModuleManager.csproj", "{23FE89E9-380C-4178-8EAF-7883E2AB4059}"
EndProject
Global
	GlobalSection(SolutionConfigurationPlatforms) = preSolution
		Debug|Any CPU = Debug|Any CPU
		Release|Any CPU = Release|Any CPU
	EndGlobalSection
	GlobalSection(ProjectConfigurationPlatforms) = postSolution
		{23FE89E9-380C-4178-8EAF-7883E2AB4059}.Debug|Any CPU.ActiveCfg = Debug|Any CPU
		{23FE89E9-380C-4178-8EAF-7883E2AB4059}.Debug|Any CPU.Build.0 = Debug|Any CPU
		{23FE89E9-380C-4178-8EAF-7883E2AB4059}.Release|Any CPU.ActiveCfg = Release|Any CPU
		{23FE89E9-380C-4178-8EAF-7883E2AB4059}.Release|Any CPU.Build.0 = Release|Any CPU
	EndGlobalSection
	GlobalSection(SolutionProperties) = preSolution
		HideSolutionNode = FALSE
	EndGlobalSection
	GlobalSection(ExtensibilityGlobals) = postSolution
		SolutionGuid = {4211BE80-A886-4233-9B47-121B0E588F88}
	EndGlobalSection
EndGlobal
